
Microsoft Visual Studio Solution File, Format Version 12.00
# Visual Studio Version 16
VisualStudioVersion = 16.0.30114.105
MinimumVisualStudioVersion = 10.0.40219.1
Project("{9A19103F-16F7-4668-BE54-9A1E7A4F7556}") = "Eureka_Register_Example", "Eureka_Register_Example.csproj", "{102D92BE-F680-4F8D-A78D-34B5AF3F1AE7}"
EndProject
Project("{9A19103F-16F7-4668-BE54-9A1E7A4F7556}") = "Eureka_Discover_Example", "..\Eureka_Discover_Example\Eureka_Discover_Example.csproj", "{C42C592D-03C2-4521-BBF1-8385C7D50B5E}"
EndProject
Global
	GlobalSection(SolutionConfigurationPlatforms) = preSolution
		Debug|Any CPU = Debug|Any CPU
		Release|Any CPU = Release|Any CPU
	EndGlobalSection
	GlobalSection(ProjectConfigurationPlatforms) = postSolution
		{102D92BE-F680-4F8D-A78D-34B5AF3F1AE7}.Debug|Any CPU.ActiveCfg = Debug|Any CPU
		{102D92BE-F680-4F8D-A78D-34B5AF3F1AE7}.Debug|Any CPU.Build.0 = Debug|Any CPU
		{102D92BE-F680-4F8D-A78D-34B5AF3F1AE7}.Release|Any CPU.ActiveCfg = Release|Any CPU
		{102D92BE-F680-4F8D-A78D-34B5AF3F1AE7}.Release|Any CPU.Build.0 = Release|Any CPU
		{C42C592D-03C2-4521-BBF1-8385C7D50B5E}.Debug|Any CPU.ActiveCfg = Debug|Any CPU
		{C42C592D-03C2-4521-BBF1-8385C7D50B5E}.Debug|Any CPU.Build.0 = Debug|Any CPU
		{C42C592D-03C2-4521-BBF1-8385C7D50B5E}.Release|Any CPU.ActiveCfg = Release|Any CPU
		{C42C592D-03C2-4521-BBF1-8385C7D50B5E}.Release|Any CPU.Build.0 = Release|Any CPU
	EndGlobalSection
	GlobalSection(SolutionProperties) = preSolution
		HideSolutionNode = FALSE
	EndGlobalSection
	GlobalSection(ExtensibilityGlobals) = postSolution
		SolutionGuid = {B344DB88-DD0B-43DE-9DC6-18EAD97BE6C7}
	EndGlobalSection
EndGlobal
